
Microsoft Visual Studio Solution File, Format Version 12.00
# Visual Studio Version 17
VisualStudioVersion = 17.10.35013.160
MinimumVisualStudioVersion = 10.0.40219.1
Project("{9A19103F-16F7-4668-BE54-9A1E7A4F7556}") = "StockMarketAnalyticsService", "StockMarketAnalyticsService\StockMarketAnalyticsService.csproj", "{D287D5BE-552B-4DF4-9449-5A9396A617C5}"
EndProject
Project("{9A19103F-16F7-4668-BE54-9A1E7A4F7556}") = "FinVizScreener", "FinVizScreener\FinVizScreener.csproj", "{718882AE-24F9-46BA-9F75-3071D4000A77}"
EndProject
Project("{9A19103F-16F7-4668-BE54-9A1E7A4F7556}") = "FinVizScreenerTests", "FinVizScreenerTests\FinVizScreenerTests.csproj", "{3F0038B2-C425-4041-809D-E6B55EB6A0FD}"
EndProject
Project("{9A19103F-16F7-4668-BE54-9A1E7A4F7556}") = "StockMarketAnalyticsConnector", "StockMarketAnalyticsConnector\StockMarketAnalyticsConnector.csproj", "{0513C5AB-762F-4380-8D25-DD61F0FE90D1}"
EndProject
Project("{9A19103F-16F7-4668-BE54-9A1E7A4F7556}") = "StockMarketServiceDatabase", "StockMarketServiceDatabase\StockMarketServiceDatabase.csproj", "{D15B3EBB-7A2E-412B-AC05-E1BB9D6FF768}"
EndProject
Project("{FAE04EC0-301F-11D3-BF4B-00C04F79EFBC}") = "StockMarketDataProcessing", "StockMarketDataProcessing\StockMarketDataProcessing.csproj", "{603AED9C-751F-41F2-83A2-C9C38C43DFF8}"
EndProject
Global
	GlobalSection(SolutionConfigurationPlatforms) = preSolution
		Debug|Any CPU = Debug|Any CPU
		Release|Any CPU = Release|Any CPU
	EndGlobalSection
	GlobalSection(ProjectConfigurationPlatforms) = postSolution
		{D287D5BE-552B-4DF4-9449-5A9396A617C5}.Debug|Any CPU.ActiveCfg = Debug|Any CPU
		{D287D5BE-552B-4DF4-9449-5A9396A617C5}.Debug|Any CPU.Build.0 = Debug|Any CPU
		{D287D5BE-552B-4DF4-9449-5A9396A617C5}.Release|Any CPU.ActiveCfg = Release|Any CPU
		{D287D5BE-552B-4DF4-9449-5A9396A617C5}.Release|Any CPU.Build.0 = Release|Any CPU
		{718882AE-24F9-46BA-9F75-3071D4000A77}.Debug|Any CPU.ActiveCfg = Debug|Any CPU
		{718882AE-24F9-46BA-9F75-3071D4000A77}.Debug|Any CPU.Build.0 = Debug|Any CPU
		{718882AE-24F9-46BA-9F75-3071D4000A77}.Release|Any CPU.ActiveCfg = Release|Any CPU
		{718882AE-24F9-46BA-9F75-3071D4000A77}.Release|Any CPU.Build.0 = Release|Any CPU
		{3F0038B2-C425-4041-809D-E6B55EB6A0FD}.Debug|Any CPU.ActiveCfg = Debug|Any CPU
		{3F0038B2-C425-4041-809D-E6B55EB6A0FD}.Debug|Any CPU.Build.0 = Debug|Any CPU
		{3F0038B2-C425-4041-809D-E6B55EB6A0FD}.Release|Any CPU.ActiveCfg = Release|Any CPU
		{3F0038B2-C425-4041-809D-E6B55EB6A0FD}.Release|Any CPU.Build.0 = Release|Any CPU
		{0513C5AB-762F-4380-8D25-DD61F0FE90D1}.Debug|Any CPU.ActiveCfg = Debug|Any CPU
		{0513C5AB-762F-4380-8D25-DD61F0FE90D1}.Debug|Any CPU.Build.0 = Debug|Any CPU
		{0513C5AB-762F-4380-8D25-DD61F0FE90D1}.Release|Any CPU.ActiveCfg = Release|Any CPU
		{0513C5AB-762F-4380-8D25-DD61F0FE90D1}.Release|Any CPU.Build.0 = Release|Any CPU
		{D15B3EBB-7A2E-412B-AC05-E1BB9D6FF768}.Debug|Any CPU.ActiveCfg = Debug|Any CPU
		{D15B3EBB-7A2E-412B-AC05-E1BB9D6FF768}.Debug|Any CPU.Build.0 = Debug|Any CPU
		{D15B3EBB-7A2E-412B-AC05-E1BB9D6FF768}.Release|Any CPU.ActiveCfg = Release|Any CPU
		{D15B3EBB-7A2E-412B-AC05-E1BB9D6FF768}.Release|Any CPU.Build.0 = Release|Any CPU
		{603AED9C-751F-41F2-83A2-C9C38C43DFF8}.Debug|Any CPU.ActiveCfg = Debug|Any CPU
		{603AED9C-751F-41F2-83A2-C9C38C43DFF8}.Debug|Any CPU.Build.0 = Debug|Any CPU
		{603AED9C-751F-41F2-83A2-C9C38C43DFF8}.Release|Any CPU.ActiveCfg = Release|Any CPU
		{603AED9C-751F-41F2-83A2-C9C38C43DFF8}.Release|Any CPU.Build.0 = Release|Any CPU
	EndGlobalSection
	GlobalSection(SolutionProperties) = preSolution
		HideSolutionNode = FALSE
	EndGlobalSection
	GlobalSection(ExtensibilityGlobals) = postSolution
		SolutionGuid = {D0415DA7-3199-41A2-B5FF-90E9D255014F}
	EndGlobalSection
EndGlobal
